{
  "requires": true,
  "lockfileVersion": 1,
  "dependencies": {
    "albarrync-palindrome": {
      "version": "0.1.0",
      "resolved": "https://registry.npmjs.org/albarrync-palindrome/-/albarrync-palindrome-0.1.0.tgz",
      "integrity": "sha512-c0zW5gOHNG7PZnbkBns757ZGCpHEj7g1Lkk7CYBkLtcgUszm8nkbX/LJJL0TT46ckW6JJvjpGEbaoTmHIt4Acw=="
    }
  }
}
